
Microsoft Visual Studio Solution File, Format Version 12.00
# Visual Studio Version 16
VisualStudioVersion = 16.0.30503.244
MinimumVisualStudioVersion = 10.0.40219.1
Project("{888888A0-9F3D-457C-B088-3A5042F75D52}") = "Dinners", "Dinners\Dinners.pyproj", "{A2709113-24AA-4EBC-BF89-850EE7790757}"
EndProject
Global
	GlobalSection(SolutionConfigurationPlatforms) = preSolution
		Debug|Any CPU = Debug|Any CPU
		Release|Any CPU = Release|Any CPU
	EndGlobalSection
	GlobalSection(ProjectConfigurationPlatforms) = postSolution
		{A2709113-24AA-4EBC-BF89-850EE7790757}.Debug|Any CPU.ActiveCfg = Debug|Any CPU
		{A2709113-24AA-4EBC-BF89-850EE7790757}.Debug|Any CPU.Build.0 = Debug|Any CPU
		{A2709113-24AA-4EBC-BF89-850EE7790757}.Release|Any CPU.ActiveCfg = Release|Any CPU
		{A2709113-24AA-4EBC-BF89-850EE7790757}.Release|Any CPU.Build.0 = Release|Any CPU
	EndGlobalSection
	GlobalSection(SolutionProperties) = preSolution
		HideSolutionNode = FALSE
	EndGlobalSection
	GlobalSection(ExtensibilityGlobals) = postSolution
		SolutionGuid = {D57F1452-C94F-4708-8289-9CE6931ABE8C}
	EndGlobalSection
EndGlobal
